
Microsoft Visual Studio Solution File, Format Version 12.00
# Visual Studio Version 17
VisualStudioVersion = 17.7.34024.191
MinimumVisualStudioVersion = 10.0.40219.1
Project("{FAE04EC0-301F-11D3-BF4B-00C04F79EFBC}") = "TestMethodBlackAndWhiteBox", "TestMethodBlackAndWhiteBox\TestMethodBlackAndWhiteBox.csproj", "{4C60C8C0-8DE9-4EED-B418-8CC2039106F9}"
EndProject
Project("{FAE04EC0-301F-11D3-BF4B-00C04F79EFBC}") = "UnitTestProject1", "UnitTestProject1\UnitTestProject1.csproj", "{90A5C844-C780-45F5-B6CF-A57A5F075209}"
EndProject
Global
	GlobalSection(SolutionConfigurationPlatforms) = preSolution
		Debug|Any CPU = Debug|Any CPU
		Release|Any CPU = Release|Any CPU
	EndGlobalSection
	GlobalSection(ProjectConfigurationPlatforms) = postSolution
		{4C60C8C0-8DE9-4EED-B418-8CC2039106F9}.Debug|Any CPU.ActiveCfg = Debug|Any CPU
		{4C60C8C0-8DE9-4EED-B418-8CC2039106F9}.Debug|Any CPU.Build.0 = Debug|Any CPU
		{4C60C8C0-8DE9-4EED-B418-8CC2039106F9}.Release|Any CPU.ActiveCfg = Release|Any CPU
		{4C60C8C0-8DE9-4EED-B418-8CC2039106F9}.Release|Any CPU.Build.0 = Release|Any CPU
		{90A5C844-C780-45F5-B6CF-A57A5F075209}.Debug|Any CPU.ActiveCfg = Debug|Any CPU
		{90A5C844-C780-45F5-B6CF-A57A5F075209}.Debug|Any CPU.Build.0 = Debug|Any CPU
		{90A5C844-C780-45F5-B6CF-A57A5F075209}.Release|Any CPU.ActiveCfg = Release|Any CPU
		{90A5C844-C780-45F5-B6CF-A57A5F075209}.Release|Any CPU.Build.0 = Release|Any CPU
	EndGlobalSection
	GlobalSection(SolutionProperties) = preSolution
		HideSolutionNode = FALSE
	EndGlobalSection
	GlobalSection(ExtensibilityGlobals) = postSolution
		SolutionGuid = {8FB79613-63A6-4305-94DF-5048A9FC4A7F}
	EndGlobalSection
EndGlobal
